// !$*UTF8*$!
{
	archiveVersion = 1;
	classes = {
	};
	objectVersion = 56;
	objects = {

/* Begin PBXBuildFile section */
		ED4629952A85542400FFA093 /* CategoryHome.swift in Sources */ = {isa = PBXBuildFile; fileRef = ED4629942A85542400FFA093 /* CategoryHome.swift */; };
		ED4629972A8555B900FFA093 /* CategoryRow.swift in Sources */ = {isa = PBXBuildFile; fileRef = ED4629962A8555B900FFA093 /* CategoryRow.swift */; };
		ED4629992A85580500FFA093 /* CategoryItem.swift in Sources */ = {isa = PBXBuildFile; fileRef = ED4629982A85580500FFA093 /* CategoryItem.swift */; };
		EDBFD6672A8151EC00D7BA60 /* hikeData.json in Resources */ = {isa = PBXBuildFile; fileRef = EDBFD6662A8151EC00D7BA60 /* hikeData.json */; };
		EDBFD6692A81523E00D7BA60 /* Hike.swift in Sources */ = {isa = PBXBuildFile; fileRef = EDBFD6682A81523E00D7BA60 /* Hike.swift */; };
		EDBFD6712A81548F00D7BA60 /* GraphCapsule.swift in Sources */ = {isa = PBXBuildFile; fileRef = EDBFD66D2A81548F00D7BA60 /* GraphCapsule.swift */; };
		EDBFD6722A81548F00D7BA60 /* HikeGraph.swift in Sources */ = {isa = PBXBuildFile; fileRef = EDBFD66E2A81548F00D7BA60 /* HikeGraph.swift */; };
		EDBFD6732A81548F00D7BA60 /* HikeDetail.swift in Sources */ = {isa = PBXBuildFile; fileRef = EDBFD66F2A81548F00D7BA60 /* HikeDetail.swift */; };
		EDBFD6742A81548F00D7BA60 /* HikeView.swift in Sources */ = {isa = PBXBuildFile; fileRef = EDBFD6702A81548F00D7BA60 /* HikeView.swift */; };
		EDBFF49F2A55D43A00A658AC /* LandmarksApp.swift in Sources */ = {isa = PBXBuildFile; fileRef = EDBFF49E2A55D43A00A658AC /* LandmarksApp.swift */; };
		EDBFF4A12A55D43A00A658AC /* ContentView.swift in Sources */ = {isa = PBXBuildFile; fileRef = EDBFF4A02A55D43A00A658AC /* ContentView.swift */; };
		EDBFF4A32A55D43B00A658AC /* Assets.xcassets in Resources */ = {isa = PBXBuildFile; fileRef = EDBFF4A22A55D43B00A658AC /* Assets.xcassets */; };
		EDBFF4A62A55D43B00A658AC /* Preview Assets.xcassets in Resources */ = {isa = PBXBuildFile; fileRef = EDBFF4A52A55D43B00A658AC /* Preview Assets.xcassets */; };
		EDBFF4B02A55D43C00A658AC /* LandmarksTests.swift in Sources */ = {isa = PBXBuildFile; fileRef = EDBFF4AF2A55D43C00A658AC /* LandmarksTests.swift */; };
		EDBFF4BA2A55D43C00A658AC /* LandmarksUITests.swift in Sources */ = {isa = PBXBuildFile; fileRef = EDBFF4B92A55D43C00A658AC /* LandmarksUITests.swift */; };
		EDBFF4BC2A55D43C00A658AC /* LandmarksUITestsLaunchTests.swift in Sources */ = {isa = PBXBuildFile; fileRef = EDBFF4BB2A55D43C00A658AC /* LandmarksUITestsLaunchTests.swift */; };
		EDBFF4CB2A55D94600A658AC /* CircleImage.swift in Sources */ = {isa = PBXBuildFile; fileRef = EDBFF4CA2A55D94600A658AC /* CircleImage.swift */; };
		EDBFF4CD2A55DA6700A658AC /* MapView.swift in Sources */ = {isa = PBXBuildFile; fileRef = EDBFF4CC2A55DA6700A658AC /* MapView.swift */; };
		EDBFF4D12A57272400A658AC /* Landmark.swift in Sources */ = {isa = PBXBuildFile; fileRef = EDBFF4D02A57272400A658AC /* Landmark.swift */; };
		EDBFF4D32A57295D00A658AC /* ModelData.swift in Sources */ = {isa = PBXBuildFile; fileRef = EDBFF4D22A57295D00A658AC /* ModelData.swift */; };
		EDBFF4D92A572A9100A658AC /* landmarkData.json in Resources */ = {isa = PBXBuildFile; fileRef = EDBFF4D82A572A9100A658AC /* landmarkData.json */; };
		EDBFF4DD2A5732CF00A658AC /* LandmarkList.swift in Sources */ = {isa = PBXBuildFile; fileRef = EDBFF4DC2A5732CF00A658AC /* LandmarkList.swift */; };
		EDBFF4DF2A5736F400A658AC /* LandmarkDetail.swift in Sources */ = {isa = PBXBuildFile; fileRef = EDBFF4DE2A5736F400A658AC /* LandmarkDetail.swift */; };
		EDBFF4E12A575FBD00A658AC /* FavoriteButton.swift in Sources */ = {isa = PBXBuildFile; fileRef = EDBFF4E02A575FBD00A658AC /* FavoriteButton.swift */; };
		EDBFF4E42A57626800A658AC /* LandmarkRow.swift in Sources */ = {isa = PBXBuildFile; fileRef = EDBFF4E32A57626800A658AC /* LandmarkRow.swift */; };
		EDBFF4E82A576A0300A658AC /* HexagonParameters.swift in Sources */ = {isa = PBXBuildFile; fileRef = EDBFF4E72A576A0300A658AC /* HexagonParameters.swift */; };
		EDBFF4EA2A576B6400A658AC /* BadgeBackground.swift in Sources */ = {isa = PBXBuildFile; fileRef = EDBFF4E92A576B6400A658AC /* BadgeBackground.swift */; };
		EDBFF4EC2A57722100A658AC /* BadgeSymbol.swift in Sources */ = {isa = PBXBuildFile; fileRef = EDBFF4EB2A57722100A658AC /* BadgeSymbol.swift */; };
		EDBFF4EE2A5773BB00A658AC /* RotatedBadgeSymbol.swift in Sources */ = {isa = PBXBuildFile; fileRef = EDBFF4ED2A5773BB00A658AC /* RotatedBadgeSymbol.swift */; };
		EDBFF4F02A57749D00A658AC /* Badge.swift in Sources */ = {isa = PBXBuildFile; fileRef = EDBFF4EF2A57749D00A658AC /* Badge.swift */; };
		EDECC5252A8920A1009982A6 /* Profile.swift in Sources */ = {isa = PBXBuildFile; fileRef = EDECC5242A8920A1009982A6 /* Profile.swift */; };
		EDECC5282A892183009982A6 /* ProfileHost.swift in Sources */ = {isa = PBXBuildFile; fileRef = EDECC5272A892183009982A6 /* ProfileHost.swift */; };
		EDECC52A2A89220B009982A6 /* ProfileSummary.swift in Sources */ = {isa = PBXBuildFile; fileRef = EDECC5292A89220B009982A6 /* ProfileSummary.swift */; };
		EDECC52C2A8923A2009982A6 /* HikeBadge.swift in Sources */ = {isa = PBXBuildFile; fileRef = EDECC52B2A8923A2009982A6 /* HikeBadge.swift */; };
/* End PBXBuildFile section */

/* Begin PBXContainerItemProxy section */
		EDBFF4AC2A55D43C00A658AC /* PBXContainerItemProxy */ = {
			isa = PBXContainerItemProxy;
			containerPortal = EDBFF4932A55D43A00A658AC /* Project object */;
			proxyType = 1;
			remoteGlobalIDString = EDBFF49A2A55D43A00A658AC;
			remoteInfo = Landmarks;
		};
		EDBFF4B62A55D43C00A658AC /* PBXContainerItemProxy */ = {
			isa = PBXContainerItemProxy;
			containerPortal = EDBFF4932A55D43A00A658AC /* Project object */;
			proxyType = 1;
			remoteGlobalIDString = EDBFF49A2A55D43A00A658AC;
			remoteInfo = Landmarks;
		};
/* End PBXContainerItemProxy section */

/* Begin PBXFileReference section */
		ED4629942A85542400FFA093 /* CategoryHome.swift */ = {isa = PBXFileReference; lastKnownFileType = sourcecode.swift; path = CategoryHome.swift; sourceTree = "<group>"; };
		ED4629962A8555B900FFA093 /* CategoryRow.swift */ = {isa = PBXFileReference; lastKnownFileType = sourcecode.swift; path = CategoryRow.swift; sourceTree = "<group>"; };
		ED4629982A85580500FFA093 /* CategoryItem.swift */ = {isa = PBXFileReference; lastKnownFileType = sourcecode.swift; path = CategoryItem.swift; sourceTree = "<group>"; };
		EDBFD6662A8151EC00D7BA60 /* hikeData.json */ = {isa = PBXFileReference; fileEncoding = 4; lastKnownFileType = text.json; path = hikeData.json; sourceTree = "<group>"; };
		EDBFD6682A81523E00D7BA60 /* Hike.swift */ = {isa = PBXFileReference; lastKnownFileType = sourcecode.swift; path = Hike.swift; sourceTree = "<group>"; };
		EDBFD66D2A81548F00D7BA60 /* GraphCapsule.swift */ = {isa = PBXFileReference; fileEncoding = 4; lastKnownFileType = sourcecode.swift; path = GraphCapsule.swift; sourceTree = "<group>"; };
		EDBFD66E2A81548F00D7BA60 /* HikeGraph.swift */ = {isa = PBXFileReference; fileEncoding = 4; lastKnownFileType = sourcecode.swift; path = HikeGraph.swift; sourceTree = "<group>"; };
		EDBFD66F2A81548F00D7BA60 /* HikeDetail.swift */ = {isa = PBXFileReference; fileEncoding = 4; lastKnownFileType = sourcecode.swift; path = HikeDetail.swift; sourceTree = "<group>"; };
		EDBFD6702A81548F00D7BA60 /* HikeView.swift */ = {isa = PBXFileReference; fileEncoding = 4; lastKnownFileType = sourcecode.swift; path = HikeView.swift; sourceTree = "<group>"; };
		EDBFF49B2A55D43A00A658AC /* Landmarks.app */ = {isa = PBXFileReference; explicitFileType = wrapper.application; includeInIndex = 0; path = Landmarks.app; sourceTree = BUILT_PRODUCTS_DIR; };
		EDBFF49E2A55D43A00A658AC /* LandmarksApp.swift */ = {isa = PBXFileReference; lastKnownFileType = sourcecode.swift; path = LandmarksApp.swift; sourceTree = "<group>"; };
		EDBFF4A02A55D43A00A658AC /* ContentView.swift */ = {isa = PBXFileReference; lastKnownFileType = sourcecode.swift; path = ContentView.swift; sourceTree = "<group>"; };
		EDBFF4A22A55D43B00A658AC /* Assets.xcassets */ = {isa = PBXFileReference; lastKnownFileType = folder.assetcatalog; path = Assets.xcassets; sourceTree = "<group>"; };
		EDBFF4A52A55D43B00A658AC /* Preview Assets.xcassets */ = {isa = PBXFileReference; lastKnownFileType = folder.assetcatalog; path = "Preview Assets.xcassets"; sourceTree = "<group>"; };
		EDBFF4AB2A55D43C00A658AC /* LandmarksTests.xctest */ = {isa = PBXFileReference; explicitFileType = wrapper.cfbundle; includeInIndex = 0; path = LandmarksTests.xctest; sourceTree = BUILT_PRODUCTS_DIR; };
		EDBFF4AF2A55D43C00A658AC /* LandmarksTests.swift */ = {isa = PBXFileReference; lastKnownFileType = sourcecode.swift; path = LandmarksTests.swift; sourceTree = "<group>"; };
		EDBFF4B52A55D43C00A658AC /* LandmarksUITests.xctest */ = {isa = PBXFileReference; explicitFileType = wrapper.cfbundle; includeInIndex = 0; path = LandmarksUITests.xctest; sourceTree = BUILT_PRODUCTS_DIR; };
		EDBFF4B92A55D43C00A658AC /* LandmarksUITests.swift */ = {isa = PBXFileReference; lastKnownFileType = sourcecode.swift; path = LandmarksUITests.swift; sourceTree = "<group>"; };
		EDBFF4BB2A55D43C00A658AC /* LandmarksUITestsLaunchTests.swift */ = {isa = PBXFileReference; lastKnownFileType = sourcecode.swift; path = LandmarksUITestsLaunchTests.swift; sourceTree = "<group>"; };
		EDBFF4CA2A55D94600A658AC /* CircleImage.swift */ = {isa = PBXFileReference; lastKnownFileType = sourcecode.swift; path = CircleImage.swift; sourceTree = "<group>"; };
		EDBFF4CC2A55DA6700A658AC /* MapView.swift */ = {isa = PBXFileReference; lastKnownFileType = sourcecode.swift; path = MapView.swift; sourceTree = "<group>"; };
		EDBFF4D02A57272400A658AC /* Landmark.swift */ = {isa = PBXFileReference; lastKnownFileType = sourcecode.swift; path = Landmark.swift; sourceTree = "<group>"; };
		EDBFF4D22A57295D00A658AC /* ModelData.swift */ = {isa = PBXFileReference; lastKnownFileType = sourcecode.swift; path = ModelData.swift; sourceTree = "<group>"; };
		EDBFF4D82A572A9100A658AC /* landmarkData.json */ = {isa = PBXFileReference; fileEncoding = 4; lastKnownFileType = text.json; path = landmarkData.json; sourceTree = "<group>"; };
		EDBFF4DC2A5732CF00A658AC /* LandmarkList.swift */ = {isa = PBXFileReference; lastKnownFileType = sourcecode.swift; path = LandmarkList.swift; sourceTree = "<group>"; };
		EDBFF4DE2A5736F400A658AC /* LandmarkDetail.swift */ = {isa = PBXFileReference; lastKnownFileType = sourcecode.swift; path = LandmarkDetail.swift; sourceTree = "<group>"; };
		EDBFF4E02A575FBD00A658AC /* FavoriteButton.swift */ = {isa = PBXFileReference; lastKnownFileType = sourcecode.swift; path = FavoriteButton.swift; sourceTree = "<group>"; };
		EDBFF4E32A57626800A658AC /* LandmarkRow.swift */ = {isa = PBXFileReference; fileEncoding = 4; lastKnownFileType = sourcecode.swift; path = LandmarkRow.swift; sourceTree = "<group>"; };
		EDBFF4E72A576A0300A658AC /* HexagonParameters.swift */ = {isa = PBXFileReference; lastKnownFileType = sourcecode.swift; path = HexagonParameters.swift; sourceTree = "<group>"; };
		EDBFF4E92A576B6400A658AC /* BadgeBackground.swift */ = {isa = PBXFileReference; lastKnownFileType = sourcecode.swift; path = BadgeBackground.swift; sourceTree = "<group>"; };
		EDBFF4EB2A57722100A658AC /* BadgeSymbol.swift */ = {isa = PBXFileReference; lastKnownFileType = sourcecode.swift; path = BadgeSymbol.swift; sourceTree = "<group>"; };
		EDBFF4ED2A5773BB00A658AC /* RotatedBadgeSymbol.swift */ = {isa = PBXFileReference; lastKnownFileType = sourcecode.swift; path = RotatedBadgeSymbol.swift; sourceTree = "<group>"; };
		EDBFF4EF2A57749D00A658AC /* Badge.swift */ = {isa = PBXFileReference; lastKnownFileType = sourcecode.swift; path = Badge.swift; sourceTree = "<group>"; };
		EDECC5242A8920A1009982A6 /* Profile.swift */ = {isa = PBXFileReference; lastKnownFileType = sourcecode.swift; path = Profile.swift; sourceTree = "<group>"; };
		EDECC5272A892183009982A6 /* ProfileHost.swift */ = {isa = PBXFileReference; lastKnownFileType = sourcecode.swift; path = ProfileHost.swift; sourceTree = "<group>"; };
		EDECC5292A89220B009982A6 /* ProfileSummary.swift */ = {isa = PBXFileReference; lastKnownFileType = sourcecode.swift; path = ProfileSummary.swift; sourceTree = "<group>"; };
		EDECC52B2A8923A2009982A6 /* HikeBadge.swift */ = {isa = PBXFileReference; lastKnownFileType = sourcecode.swift; path = HikeBadge.swift; sourceTree = "<group>"; };
/* End PBXFileReference section */

/* Begin PBXFrameworksBuildPhase section */
		EDBFF4982A55D43A00A658AC /* Frameworks */ = {
			isa = PBXFrameworksBuildPhase;
			buildActionMask = 2147483647;
			files = (
			);
			runOnlyForDeploymentPostprocessing = 0;
		};
		EDBFF4A82A55D43C00A658AC /* Frameworks */ = {
			isa = PBXFrameworksBuildPhase;
			buildActionMask = 2147483647;
			files = (
			);
			runOnlyForDeploymentPostprocessing = 0;
		};
		EDBFF4B22A55D43C00A658AC /* Frameworks */ = {
			isa = PBXFrameworksBuildPhase;
			buildActionMask = 2147483647;
			files = (
			);
			runOnlyForDeploymentPostprocessing = 0;
		};
/* End PBXFrameworksBuildPhase section */

/* Begin PBXGroup section */
		ED4629932A85540500FFA093 /* Categories */ = {
			isa = PBXGroup;
			children = (
				ED4629962A8555B900FFA093 /* CategoryRow.swift */,
				ED4629982A85580500FFA093 /* CategoryItem.swift */,
				ED4629942A85542400FFA093 /* CategoryHome.swift */,
			);
			path = Categories;
			sourceTree = "<group>";
		};
		EDBFD66C2A81548F00D7BA60 /* Hikes */ = {
			isa = PBXGroup;
			children = (
				EDBFD66D2A81548F00D7BA60 /* GraphCapsule.swift */,
				EDBFD66E2A81548F00D7BA60 /* HikeGraph.swift */,
				EDBFD66F2A81548F00D7BA60 /* HikeDetail.swift */,
				EDBFD6702A81548F00D7BA60 /* HikeView.swift */,
				EDECC52B2A8923A2009982A6 /* HikeBadge.swift */,
			);
			path = Hikes;
			sourceTree = "<group>";
		};
		EDBFF4922A55D43A00A658AC = {
			isa = PBXGroup;
			children = (
				EDBFF49D2A55D43A00A658AC /* Landmarks */,
				EDBFF4AE2A55D43C00A658AC /* LandmarksTests */,
				EDBFF4B82A55D43C00A658AC /* LandmarksUITests */,
				EDBFF49C2A55D43A00A658AC /* Products */,
			);
			sourceTree = "<group>";
		};
		EDBFF49C2A55D43A00A658AC /* Products */ = {
			isa = PBXGroup;
			children = (
				EDBFF49B2A55D43A00A658AC /* Landmarks.app */,
				EDBFF4AB2A55D43C00A658AC /* LandmarksTests.xctest */,
				EDBFF4B52A55D43C00A658AC /* LandmarksUITests.xctest */,
			);
			name = Products;
			sourceTree = "<group>";
		};
		EDBFF49D2A55D43A00A658AC /* Landmarks */ = {
			isa = PBXGroup;
			children = (
				EDBFF49E2A55D43A00A658AC /* LandmarksApp.swift */,
				EDBFF4D52A572A3700A658AC /* Views */,
				EDBFF4D62A572A5B00A658AC /* Model */,
				EDBFF4D72A572A8000A658AC /* Resources */,
				EDBFF4A22A55D43B00A658AC /* Assets.xcassets */,
				EDBFF4A42A55D43B00A658AC /* Preview Content */,
			);
			path = Landmarks;
			sourceTree = "<group>";
		};
		EDBFF4A42A55D43B00A658AC /* Preview Content */ = {
			isa = PBXGroup;
			children = (
				EDBFF4A52A55D43B00A658AC /* Preview Assets.xcassets */,
			);
			path = "Preview Content";
			sourceTree = "<group>";
		};
		EDBFF4AE2A55D43C00A658AC /* LandmarksTests */ = {
			isa = PBXGroup;
			children = (
				EDBFF4AF2A55D43C00A658AC /* LandmarksTests.swift */,
			);
			path = LandmarksTests;
			sourceTree = "<group>";
		};
		EDBFF4B82A55D43C00A658AC /* LandmarksUITests */ = {
			isa = PBXGroup;
			children = (
				EDBFF4B92A55D43C00A658AC /* LandmarksUITests.swift */,
				EDBFF4BB2A55D43C00A658AC /* LandmarksUITestsLaunchTests.swift */,
			);
			path = LandmarksUITests;
			sourceTree = "<group>";
		};
		EDBFF4D52A572A3700A658AC /* Views */ = {
			isa = PBXGroup;
			children = (
				EDBFF4A02A55D43A00A658AC /* ContentView.swift */,
				EDECC5262A892156009982A6 /* Profiles */,
				ED4629932A85540500FFA093 /* Categories */,
				EDBFD66C2A81548F00D7BA60 /* Hikes */,
				EDBFF4E22A57621400A658AC /* Landmarks */,
				EDBFF4E62A5762BA00A658AC /* Helpers */,
				EDBFF4F12A57772E00A658AC /* Badges */,
			);
			path = Views;
			sourceTree = "<group>";
		};
		EDBFF4D62A572A5B00A658AC /* Model */ = {
			isa = PBXGroup;
			children = (
				EDBFF4D22A57295D00A658AC /* ModelData.swift */,
				EDBFF4D02A57272400A658AC /* Landmark.swift */,
				EDBFD6682A81523E00D7BA60 /* Hike.swift */,
				EDECC5242A8920A1009982A6 /* Profile.swift */,
			);
			path = Model;
			sourceTree = "<group>";
		};
		EDBFF4D72A572A8000A658AC /* Resources */ = {
			isa = PBXGroup;
			children = (
				EDBFD6662A8151EC00D7BA60 /* hikeData.json */,
				EDBFF4D82A572A9100A658AC /* landmarkData.json */,
			);
			path = Resources;
			sourceTree = "<group>";
		};
		EDBFF4E22A57621400A658AC /* Landmarks */ = {
			isa = PBXGroup;
			children = (
				EDBFF4E32A57626800A658AC /* LandmarkRow.swift */,
				EDBFF4DC2A5732CF00A658AC /* LandmarkList.swift */,
				EDBFF4DE2A5736F400A658AC /* LandmarkDetail.swift */,
			);
			path = Landmarks;
			sourceTree = "<group>";
		};
		EDBFF4E62A5762BA00A658AC /* Helpers */ = {
			isa = PBXGroup;
			children = (
				EDBFF4E02A575FBD00A658AC /* FavoriteButton.swift */,
				EDBFF4CC2A55DA6700A658AC /* MapView.swift */,
				EDBFF4CA2A55D94600A658AC /* CircleImage.swift */,
			);
			path = Helpers;
			sourceTree = "<group>";
		};
		EDBFF4F12A57772E00A658AC /* Badges */ = {
			isa = PBXGroup;
			children = (
				EDBFF4E72A576A0300A658AC /* HexagonParameters.swift */,
				EDBFF4E92A576B6400A658AC /* BadgeBackground.swift */,
				EDBFF4EB2A57722100A658AC /* BadgeSymbol.swift */,
				EDBFF4ED2A5773BB00A658AC /* RotatedBadgeSymbol.swift */,
				EDBFF4EF2A57749D00A658AC /* Badge.swift */,
			);
			path = Badges;
			sourceTree = "<group>";
		};
		EDECC5262A892156009982A6 /* Profiles */ = {
			isa = PBXGroup;
			children = (
				EDECC5272A892183009982A6 /* ProfileHost.swift */,
				EDECC5292A89220B009982A6 /* ProfileSummary.swift */,
			);
			path = Profiles;
			sourceTree = "<group>";
		};
/* End PBXGroup section */

/* Begin PBXNativeTarget section */
		EDBFF49A2A55D43A00A658AC /* Landmarks */ = {
			isa = PBXNativeTarget;
			buildConfigurationList = EDBFF4BF2A55D43C00A658AC /* Build configuration list for PBXNativeTarget "Landmarks" */;
			buildPhases = (
				EDBFF4972A55D43A00A658AC /* Sources */,
				EDBFF4982A55D43A00A658AC /* Frameworks */,
				EDBFF4992A55D43A00A658AC /* Resources */,
			);
			buildRules = (
			);
			dependencies = (
			);
			name = Landmarks;
			productName = Landmarks;
			productReference = EDBFF49B2A55D43A00A658AC /* Landmarks.app */;
			productType = "com.apple.product-type.application";
		};
		EDBFF4AA2A55D43C00A658AC /* LandmarksTests */ = {
			isa = PBXNativeTarget;
			buildConfigurationList = EDBFF4C22A55D43C00A658AC /* Build configuration list for PBXNativeTarget "LandmarksTests" */;
			buildPhases = (
				EDBFF4A72A55D43C00A658AC /* Sources */,
				EDBFF4A82A55D43C00A658AC /* Frameworks */,
				EDBFF4A92A55D43C00A658AC /* Resources */,
			);
			buildRules = (
			);
			dependencies = (
				EDBFF4AD2A55D43C00A658AC /* PBXTargetDependency */,
			);
			name = LandmarksTests;
			productName = LandmarksTests;
			productReference = EDBFF4AB2A55D43C00A658AC /* LandmarksTests.xctest */;
			productType = "com.apple.product-type.bundle.unit-test";
		};
		EDBFF4B42A55D43C00A658AC /* LandmarksUITests */ = {
			isa = PBXNativeTarget;
			buildConfigurationList = EDBFF4C52A55D43C00A658AC /* Build configuration list for PBXNativeTarget "LandmarksUITests" */;
			buildPhases = (
				EDBFF4B12A55D43C00A658AC /* Sources */,
				EDBFF4B22A55D43C00A658AC /* Frameworks */,
				EDBFF4B32A55D43C00A658AC /* Resources */,
			);
			buildRules = (
			);
			dependencies = (
				EDBFF4B72A55D43C00A658AC /* PBXTargetDependency */,
			);
			name = LandmarksUITests;
			productName = LandmarksUITests;
			productReference = EDBFF4B52A55D43C00A658AC /* LandmarksUITests.xctest */;
			productType = "com.apple.product-type.bundle.ui-testing";
		};
/* End PBXNativeTarget section */

/* Begin PBXProject section */
		EDBFF4932A55D43A00A658AC /* Project object */ = {
			isa = PBXProject;
			attributes = {
				BuildIndependentTargetsInParallel = 1;
				LastSwiftUpdateCheck = 1430;
				LastUpgradeCheck = 1430;
				TargetAttributes = {
					EDBFF49A2A55D43A00A658AC = {
						CreatedOnToolsVersion = 14.3.1;
					};
					EDBFF4AA2A55D43C00A658AC = {
						CreatedOnToolsVersion = 14.3.1;
						TestTargetID = EDBFF49A2A55D43A00A658AC;
					};
					EDBFF4B42A55D43C00A658AC = {
						CreatedOnToolsVersion = 14.3.1;
						TestTargetID = EDBFF49A2A55D43A00A658AC;
					};
				};
			};
			buildConfigurationList = EDBFF4962A55D43A00A658AC /* Build configuration list for PBXProject "Landmarks" */;
			compatibilityVersion = "Xcode 14.0";
			developmentRegion = en;
			hasScannedForEncodings = 0;
			knownRegions = (
				en,
				Base,
			);
			mainGroup = EDBFF4922A55D43A00A658AC;
			productRefGroup = EDBFF49C2A55D43A00A658AC /* Products */;
			projectDirPath = "";
			projectRoot = "";
			targets = (
				EDBFF49A2A55D43A00A658AC /* Landmarks */,
				EDBFF4AA2A55D43C00A658AC /* LandmarksTests */,
				EDBFF4B42A55D43C00A658AC /* LandmarksUITests */,
			);
		};
/* End PBXProject section */

/* Begin PBXResourcesBuildPhase section */
		EDBFF4992A55D43A00A658AC /* Resources */ = {
			isa = PBXResourcesBuildPhase;
			buildActionMask = 2147483647;
			files = (
				EDBFD6672A8151EC00D7BA60 /* hikeData.json in Resources */,
				EDBFF4A62A55D43B00A658AC /* Preview Assets.xcassets in Resources */,
				EDBFF4D92A572A9100A658AC /* landmarkData.json in Resources */,
				EDBFF4A32A55D43B00A658AC /* Assets.xcassets in Resources */,
			);
			runOnlyForDeploymentPostprocessing = 0;
		};
		EDBFF4A92A55D43C00A658AC /* Resources */ = {
			isa = PBXResourcesBuildPhase;
			buildActionMask = 2147483647;
			files = (
			);
			runOnlyForDeploymentPostprocessing = 0;
		};
		EDBFF4B32A55D43C00A658AC /* Resources */ = {
			isa = PBXResourcesBuildPhase;
			buildActionMask = 2147483647;
			files = (
			);
			runOnlyForDeploymentPostprocessing = 0;
		};
/* End PBXResourcesBuildPhase section */

/* Begin PBXSourcesBuildPhase section */
		EDBFF4972A55D43A00A658AC /* Sources */ = {
			isa = PBXSourcesBuildPhase;
			buildActionMask = 2147483647;
			files = (
				ED4629972A8555B900FFA093 /* CategoryRow.swift in Sources */,
				EDECC5252A8920A1009982A6 /* Profile.swift in Sources */,
				EDBFF4A12A55D43A00A658AC /* ContentView.swift in Sources */,
				ED4629952A85542400FFA093 /* CategoryHome.swift in Sources */,
				EDBFD6722A81548F00D7BA60 /* HikeGraph.swift in Sources */,
				EDBFF4F02A57749D00A658AC /* Badge.swift in Sources */,
				EDBFF4CD2A55DA6700A658AC /* MapView.swift in Sources */,
				EDBFD6712A81548F00D7BA60 /* GraphCapsule.swift in Sources */,
				EDBFF49F2A55D43A00A658AC /* LandmarksApp.swift in Sources */,
				EDBFF4E12A575FBD00A658AC /* FavoriteButton.swift in Sources */,
				ED4629992A85580500FFA093 /* CategoryItem.swift in Sources */,
				EDBFD6732A81548F00D7BA60 /* HikeDetail.swift in Sources */,
				EDECC52A2A89220B009982A6 /* ProfileSummary.swift in Sources */,
				EDBFF4E82A576A0300A658AC /* HexagonParameters.swift in Sources */,
				EDECC5282A892183009982A6 /* ProfileHost.swift in Sources */,
				EDBFD6692A81523E00D7BA60 /* Hike.swift in Sources */,
				EDBFF4EE2A5773BB00A658AC /* RotatedBadgeSymbol.swift in Sources */,
				EDBFF4EC2A57722100A658AC /* BadgeSymbol.swift in Sources */,
				EDBFF4DD2A5732CF00A658AC /* LandmarkList.swift in Sources */,
				EDBFD6742A81548F00D7BA60 /* HikeView.swift in Sources */,
				EDBFF4DF2A5736F400A658AC /* LandmarkDetail.swift in Sources */,
				EDBFF4EA2A576B6400A658AC /* BadgeBackground.swift in Sources */,
				EDECC52C2A8923A2009982A6 /* HikeBadge.swift in Sources */,
				EDBFF4CB2A55D94600A658AC /* CircleImage.swift in Sources */,
				EDBFF4D12A57272400A658AC /* Landmark.swift in Sources */,
				EDBFF4E42A57626800A658AC /* LandmarkRow.swift in Sources */,
				EDBFF4D32A57295D00A658AC /* ModelData.swift in Sources */,
			);
			runOnlyForDeploymentPostprocessing = 0;
		};
		EDBFF4A72A55D43C00A658AC /* Sources */ = {
			isa = PBXSourcesBuildPhase;
			buildActionMask = 2147483647;
			files = (
				EDBFF4B02A55D43C00A658AC /* LandmarksTests.swift in Sources */,
			);
			runOnlyForDeploymentPostprocessing = 0;
		};
		EDBFF4B12A55D43C00A658AC /* Sources */ = {
			isa = PBXSourcesBuildPhase;
			buildActionMask = 2147483647;
			files = (
				EDBFF4BC2A55D43C00A658AC /* LandmarksUITestsLaunchTests.swift in Sources */,
				EDBFF4BA2A55D43C00A658AC /* LandmarksUITests.swift in Sources */,
			);
			runOnlyForDeploymentPostprocessing = 0;
		};
/* End PBXSourcesBuildPhase section */

/* Begin PBXTargetDependency section */
		EDBFF4AD2A55D43C00A658AC /* PBXTargetDependency */ = {
			isa = PBXTargetDependency;
			target = EDBFF49A2A55D43A00A658AC /* Landmarks */;
			targetProxy = EDBFF4AC2A55D43C00A658AC /* PBXContainerItemProxy */;
		};
		EDBFF4B72A55D43C00A658AC /* PBXTargetDependency */ = {
			isa = PBXTargetDependency;
			target = EDBFF49A2A55D43A00A658AC /* Landmarks */;
			targetProxy = EDBFF4B62A55D43C00A658AC /* PBXContainerItemProxy */;
		};
/* End PBXTargetDependency section */

/* Begin XCBuildConfiguration section */
		EDBFF4BD2A55D43C00A658AC /* Debug */ = {
			isa = XCBuildConfiguration;
			buildSettings = {
				ALWAYS_SEARCH_USER_PATHS = NO;
				CLANG_ANALYZER_NONNULL = YES;
				CLANG_ANALYZER_NUMBER_OBJECT_CONVERSION = YES_AGGRESSIVE;
				CLANG_CXX_LANGUAGE_STANDARD = "gnu++20";
				CLANG_ENABLE_MODULES = YES;
				CLANG_ENABLE_OBJC_ARC = YES;
				CLANG_ENABLE_OBJC_WEAK = YES;
				CLANG_WARN_BLOCK_CAPTURE_AUTORELEASING = YES;
				CLANG_WARN_BOOL_CONVERSION = YES;
				CLANG_WARN_COMMA = YES;
				CLANG_WARN_CONSTANT_CONVERSION = YES;
				CLANG_WARN_DEPRECATED_OBJC_IMPLEMENTATIONS = YES;
				CLANG_WARN_DIRECT_OBJC_ISA_USAGE = YES_ERROR;
				CLANG_WARN_DOCUMENTATION_COMMENTS = YES;
				CLANG_WARN_EMPTY_BODY = YES;
				CLANG_WARN_ENUM_CONVERSION = YES;
				CLANG_WARN_INFINITE_RECURSION = YES;
				CLANG_WARN_INT_CONVERSION = YES;
				CLANG_WARN_NON_LITERAL_NULL_CONVERSION = YES;
				CLANG_WARN_OBJC_IMPLICIT_RETAIN_SELF = YES;
				CLANG_WARN_OBJC_LITERAL_CONVERSION = YES;
				CLANG_WARN_OBJC_ROOT_CLASS = YES_ERROR;
				CLANG_WARN_QUOTED_INCLUDE_IN_FRAMEWORK_HEADER = YES;
				CLANG_WARN_RANGE_LOOP_ANALYSIS = YES;
				CLANG_WARN_STRICT_PROTOTYPES = YES;
				CLANG_WARN_SUSPICIOUS_MOVE = YES;
				CLANG_WARN_UNGUARDED_AVAILABILITY = YES_AGGRESSIVE;
				CLANG_WARN_UNREACHABLE_CODE = YES;
				CLANG_WARN__DUPLICATE_METHOD_MATCH = YES;
				COPY_PHASE_STRIP = NO;
				DEBUG_INFORMATION_FORMAT = dwarf;
				ENABLE_STRICT_OBJC_MSGSEND = YES;
				ENABLE_TESTABILITY = YES;
				GCC_C_LANGUAGE_STANDARD = gnu11;
				GCC_DYNAMIC_NO_PIC = NO;
				GCC_NO_COMMON_BLOCKS = YES;
				GCC_OPTIMIZATION_LEVEL = 0;
				GCC_PREPROCESSOR_DEFINITIONS = (
					"DEBUG=1",
					"$(inherited)",
				);
				GCC_WARN_64_TO_32_BIT_CONVERSION = YES;
				GCC_WARN_ABOUT_RETURN_TYPE = YES_ERROR;
				GCC_WARN_UNDECLARED_SELECTOR = YES;
				GCC_WARN_UNINITIALIZED_AUTOS = YES_AGGRESSIVE;
				GCC_WARN_UNUSED_FUNCTION = YES;
				GCC_WARN_UNUSED_VARIABLE = YES;
				IPHONEOS_DEPLOYMENT_TARGET = 16.4;
				MTL_ENABLE_DEBUG_INFO = INCLUDE_SOURCE;
				MTL_FAST_MATH = YES;
				ONLY_ACTIVE_ARCH = YES;
				SDKROOT = iphoneos;
				SWIFT_ACTIVE_COMPILATION_CONDITIONS = DEBUG;
				SWIFT_OPTIMIZATION_LEVEL = "-Onone";
			};
			name = Debug;
		};
		EDBFF4BE2A55D43C00A658AC /* Release */ = {
			isa = XCBuildConfiguration;
			buildSettings = {
				ALWAYS_SEARCH_USER_PATHS = NO;
				CLANG_ANALYZER_NONNULL = YES;
				CLANG_ANALYZER_NUMBER_OBJECT_CONVERSION = YES_AGGRESSIVE;
				CLANG_CXX_LANGUAGE_STANDARD = "gnu++20";
				CLANG_ENABLE_MODULES = YES;
				CLANG_ENABLE_OBJC_ARC = YES;
				CLANG_ENABLE_OBJC_WEAK = YES;
				CLANG_WARN_BLOCK_CAPTURE_AUTORELEASING = YES;
				CLANG_WARN_BOOL_CONVERSION = YES;
				CLANG_WARN_COMMA = YES;
				CLANG_WARN_CONSTANT_CONVERSION = YES;
				CLANG_WARN_DEPRECATED_OBJC_IMPLEMENTATIONS = YES;
				CLANG_WARN_DIRECT_OBJC_ISA_USAGE = YES_ERROR;
				CLANG_WARN_DOCUMENTATION_COMMENTS = YES;
				CLANG_WARN_EMPTY_BODY = YES;
				CLANG_WARN_ENUM_CONVERSION = YES;
				CLANG_WARN_INFINITE_RECURSION = YES;
				CLANG_WARN_INT_CONVERSION = YES;
				CLANG_WARN_NON_LITERAL_NULL_CONVERSION = YES;
				CLANG_WARN_OBJC_IMPLICIT_RETAIN_SELF = YES;
				CLANG_WARN_OBJC_LITERAL_CONVERSION = YES;
				CLANG_WARN_OBJC_ROOT_CLASS = YES_ERROR;
				CLANG_WARN_QUOTED_INCLUDE_IN_FRAMEWORK_HEADER = YES;
				CLANG_WARN_RANGE_LOOP_ANALYSIS = YES;
				CLANG_WARN_STRICT_PROTOTYPES = YES;
				CLANG_WARN_SUSPICIOUS_MOVE = YES;
				CLANG_WARN_UNGUARDED_AVAILABILITY = YES_AGGRESSIVE;
				CLANG_WARN_UNREACHABLE_CODE = YES;
				CLANG_WARN__DUPLICATE_METHOD_MATCH = YES;
				COPY_PHASE_STRIP = NO;
				DEBUG_INFORMATION_FORMAT = "dwarf-with-dsym";
				ENABLE_NS_ASSERTIONS = NO;
				ENABLE_STRICT_OBJC_MSGSEND = YES;
				GCC_C_LANGUAGE_STANDARD = gnu11;
				GCC_NO_COMMON_BLOCKS = YES;
				GCC_WARN_64_TO_32_BIT_CONVERSION = YES;
				GCC_WARN_ABOUT_RETURN_TYPE = YES_ERROR;
				GCC_WARN_UNDECLARED_SELECTOR = YES;
				GCC_WARN_UNINITIALIZED_AUTOS = YES_AGGRESSIVE;
				GCC_WARN_UNUSED_FUNCTION = YES;
				GCC_WARN_UNUSED_VARIABLE = YES;
				IPHONEOS_DEPLOYMENT_TARGET = 16.4;
				MTL_ENABLE_DEBUG_INFO = NO;
				MTL_FAST_MATH = YES;
				SDKROOT = iphoneos;
				SWIFT_COMPILATION_MODE = wholemodule;
				SWIFT_OPTIMIZATION_LEVEL = "-O";
				VALIDATE_PRODUCT = YES;
			};
			name = Release;
		};
		EDBFF4C02A55D43C00A658AC /* Debug */ = {
			isa = XCBuildConfiguration;
			buildSettings = {
				ASSETCATALOG_COMPILER_APPICON_NAME = AppIcon;
				ASSETCATALOG_COMPILER_GLOBAL_ACCENT_COLOR_NAME = AccentColor;
				CODE_SIGN_STYLE = Automatic;
				CURRENT_PROJECT_VERSION = 1;
				DEVELOPMENT_ASSET_PATHS = "\"Landmarks/Preview Content\"";
				DEVELOPMENT_TEAM = RS7JS7MYMJ;
				ENABLE_PREVIEWS = YES;
				GENERATE_INFOPLIST_FILE = YES;
				INFOPLIST_KEY_UIApplicationSceneManifest_Generation = YES;
				INFOPLIST_KEY_UIApplicationSupportsIndirectInputEvents = YES;
				INFOPLIST_KEY_UILaunchScreen_Generation = YES;
				INFOPLIST_KEY_UISupportedInterfaceOrientations_iPad = "UIInterfaceOrientationPortrait UIInterfaceOrientationPortraitUpsideDown UIInterfaceOrientationLandscapeLeft UIInterfaceOrientationLandscapeRight";
				INFOPLIST_KEY_UISupportedInterfaceOrientations_iPhone = "UIInterfaceOrientationPortrait UIInterfaceOrientationLandscapeLeft UIInterfaceOrientationLandscapeRight";
				LD_RUNPATH_SEARCH_PATHS = (
					"$(inherited)",
					"@executable_path/Frameworks",
				);
				MARKETING_VERSION = 1.0;
				PRODUCT_BUNDLE_IDENTIFIER = com.app.Landmarks;
				PRODUCT_NAME = "$(TARGET_NAME)";
				SWIFT_EMIT_LOC_STRINGS = YES;
				SWIFT_VERSION = 5.0;
				TARGETED_DEVICE_FAMILY = "1,2";
			};
			name = Debug;
		};
		EDBFF4C12A55D43C00A658AC /* Release */ = {
			isa = XCBuildConfiguration;
			buildSettings = {
				ASSETCATALOG_COMPILER_APPICON_NAME = AppIcon;
				ASSETCATALOG_COMPILER_GLOBAL_ACCENT_COLOR_NAME = AccentColor;
				CODE_SIGN_STYLE = Automatic;
				CURRENT_PROJECT_VERSION = 1;
				DEVELOPMENT_ASSET_PATHS = "\"Landmarks/Preview Content\"";
				DEVELOPMENT_TEAM = RS7JS7MYMJ;
				ENABLE_PREVIEWS = YES;
				GENERATE_INFOPLIST_FILE = YES;
				INFOPLIST_KEY_UIApplicationSceneManifest_Generation = YES;
				INFOPLIST_KEY_UIApplicationSupportsIndirectInputEvents = YES;
				INFOPLIST_KEY_UILaunchScreen_Generation = YES;
				INFOPLIST_KEY_UISupportedInterfaceOrientations_iPad = "UIInterfaceOrientationPortrait UIInterfaceOrientationPortraitUpsideDown UIInterfaceOrientationLandscapeLeft UIInterfaceOrientationLandscapeRight";
				INFOPLIST_KEY_UISupportedInterfaceOrientations_iPhone = "UIInterfaceOrientationPortrait UIInterfaceOrientationLandscapeLeft UIInterfaceOrientationLandscapeRight";
				LD_RUNPATH_SEARCH_PATHS = (
					"$(inherited)",
					"@executable_path/Frameworks",
				);
				MARKETING_VERSION = 1.0;
				PRODUCT_BUNDLE_IDENTIFIER = com.app.Landmarks;
				PRODUCT_NAME = "$(TARGET_NAME)";
				SWIFT_EMIT_LOC_STRINGS = YES;
				SWIFT_VERSION = 5.0;
				TARGETED_DEVICE_FAMILY = "1,2";
			};
			name = Release;
		};
		EDBFF4C32A55D43C00A658AC /* Debug */ = {
			isa = XCBuildConfiguration;
			buildSettings = {
				ALWAYS_EMBED_SWIFT_STANDARD_LIBRARIES = YES;
				BUNDLE_LOADER = "$(TEST_HOST)";
				CODE_SIGN_STYLE = Automatic;
				CURRENT_PROJECT_VERSION = 1;
				DEVELOPMENT_TEAM = RS7JS7MYMJ;
				GENERATE_INFOPLIST_FILE = YES;
				IPHONEOS_DEPLOYMENT_TARGET = 16.4;
				MARKETING_VERSION = 1.0;
				PRODUCT_BUNDLE_IDENTIFIER = com.app.LandmarksTests;
				PRODUCT_NAME = "$(TARGET_NAME)";
				SWIFT_EMIT_LOC_STRINGS = NO;
				SWIFT_VERSION = 5.0;
				TARGETED_DEVICE_FAMILY = "1,2";
				TEST_HOST = "$(BUILT_PRODUCTS_DIR)/Landmarks.app/$(BUNDLE_EXECUTABLE_FOLDER_PATH)/Landmarks";
			};
			name = Debug;
		};
		EDBFF4C42A55D43C00A658AC /* Release */ = {
			isa = XCBuildConfiguration;
			buildSettings = {
				ALWAYS_EMBED_SWIFT_STANDARD_LIBRARIES = YES;
				BUNDLE_LOADER = "$(TEST_HOST)";
				CODE_SIGN_STYLE = Automatic;
				CURRENT_PROJECT_VERSION = 1;
				DEVELOPMENT_TEAM = RS7JS7MYMJ;
				GENERATE_INFOPLIST_FILE = YES;
				IPHONEOS_DEPLOYMENT_TARGET = 16.4;
				MARKETING_VERSION = 1.0;
				PRODUCT_BUNDLE_IDENTIFIER = com.app.LandmarksTests;
				PRODUCT_NAME = "$(TARGET_NAME)";
				SWIFT_EMIT_LOC_STRINGS = NO;
				SWIFT_VERSION = 5.0;
				TARGETED_DEVICE_FAMILY = "1,2";
				TEST_HOST = "$(BUILT_PRODUCTS_DIR)/Landmarks.app/$(BUNDLE_EXECUTABLE_FOLDER_PATH)/Landmarks";
			};
			name = Release;
		};
		EDBFF4C62A55D43C00A658AC /* Debug */ = {
			isa = XCBuildConfiguration;
			buildSettings = {
				ALWAYS_EMBED_SWIFT_STANDARD_LIBRARIES = YES;
				CODE_SIGN_STYLE = Automatic;
				CURRENT_PROJECT_VERSION = 1;
				DEVELOPMENT_TEAM = RS7JS7MYMJ;
				GENERATE_INFOPLIST_FILE = YES;
				MARKETING_VERSION = 1.0;
				PRODUCT_BUNDLE_IDENTIFIER = com.app.LandmarksUITests;
				PRODUCT_NAME = "$(TARGET_NAME)";
				SWIFT_EMIT_LOC_STRINGS = NO;
				SWIFT_VERSION = 5.0;
				TARGETED_DEVICE_FAMILY = "1,2";
				TEST_TARGET_NAME = Landmarks;
			};
			name = Debug;
		};
		EDBFF4C72A55D43C00A658AC /* Release */ = {
			isa = XCBuildConfiguration;
			buildSettings = {
				ALWAYS_EMBED_SWIFT_STANDARD_LIBRARIES = YES;
				CODE_SIGN_STYLE = Automatic;
				CURRENT_PROJECT_VERSION = 1;
				DEVELOPMENT_TEAM = RS7JS7MYMJ;
				GENERATE_INFOPLIST_FILE = YES;
				MARKETING_VERSION = 1.0;
				PRODUCT_BUNDLE_IDENTIFIER = com.app.LandmarksUITests;
				PRODUCT_NAME = "$(TARGET_NAME)";
				SWIFT_EMIT_LOC_STRINGS = NO;
				SWIFT_VERSION = 5.0;
				TARGETED_DEVICE_FAMILY = "1,2";
				TEST_TARGET_NAME = Landmarks;
			};
			name = Release;
		};
/* End XCBuildConfiguration section */

/* Begin XCConfigurationList section */
		EDBFF4962A55D43A00A658AC /* Build configuration list for PBXProject "Landmarks" */ = {
			isa = XCConfigurationList;
			buildConfigurations = (
				EDBFF4BD2A55D43C00A658AC /* Debug */,
				EDBFF4BE2A55D43C00A658AC /* Release */,
			);
			defaultConfigurationIsVisible = 0;
			defaultConfigurationName = Release;
		};
		EDBFF4BF2A55D43C00A658AC /* Build configuration list for PBXNativeTarget "Landmarks" */ = {
			isa = XCConfigurationList;
			buildConfigurations = (
				EDBFF4C02A55D43C00A658AC /* Debug */,
				EDBFF4C12A55D43C00A658AC /* Release */,
			);
			defaultConfigurationIsVisible = 0;
			defaultConfigurationName = Release;
		};
		EDBFF4C22A55D43C00A658AC /* Build configuration list for PBXNativeTarget "LandmarksTests" */ = {
			isa = XCConfigurationList;
			buildConfigurations = (
				EDBFF4C32A55D43C00A658AC /* Debug */,
				EDBFF4C42A55D43C00A658AC /* Release */,
			);
			defaultConfigurationIsVisible = 0;
			defaultConfigurationName = Release;
		};
		EDBFF4C52A55D43C00A658AC /* Build configuration list for PBXNativeTarget "LandmarksUITests" */ = {
			isa = XCConfigurationList;
			buildConfigurations = (
				EDBFF4C62A55D43C00A658AC /* Debug */,
				EDBFF4C72A55D43C00A658AC /* Release */,
			);
			defaultConfigurationIsVisible = 0;
			defaultConfigurationName = Release;
		};
/* End XCConfigurationList section */
	};
	rootObject = EDBFF4932A55D43A00A658AC /* Project object */;
}
